
Microsoft Visual Studio Solution File, Format Version 12.00
# Visual Studio 15
Project("{FAE04EC0-301F-11D3-BF4B-00C04F79EFBC}") = "GrpcBizingo", "GrpcBizingo\GrpcBizingo.csproj", "{A2C7A299-E77C-4A18-BB16-079FE1BA8006}"
EndProject
Project("{FAE04EC0-301F-11D3-BF4B-00C04F79EFBC}") = "GrpcBizingoServer", "GrpcBizingoServer\GrpcBizingoServer.csproj", "{FC5EA9B8-848A-4621-B5C1-5B96FE506876}"
EndProject
Project("{FAE04EC0-301F-11D3-BF4B-00C04F79EFBC}") = "GrpcBizingoClient", "GrpcBizingoClient\GrpcBizingoClient.csproj", "{53DBD698-C94C-433E-AE1A-2127ED9108BA}"
EndProject
Project("{FAE04EC0-301F-11D3-BF4B-00C04F79EFBC}") = "Bizingo", "Bizingo\Bizingo\Bizingo.csproj", "{B9120C5B-080E-43FC-B55F-2545504FC227}"
EndProject
Project("{FAE04EC0-301F-11D3-BF4B-00C04F79EFBC}") = "GrpcCom", "GrpcCom\GrpcCom.csproj", "{363BF7F7-72C1-419D-BC1D-674F66972A18}"
EndProject
Global
	GlobalSection(SolutionConfigurationPlatforms) = preSolution
		Debug|Any CPU = Debug|Any CPU
		Release|Any CPU = Release|Any CPU
		Debug|x86 = Debug|x86
		Release|x86 = Release|x86
	EndGlobalSection
	GlobalSection(ProjectConfigurationPlatforms) = postSolution
		{A2C7A299-E77C-4A18-BB16-079FE1BA8006}.Debug|Any CPU.ActiveCfg = Debug|Any CPU
		{A2C7A299-E77C-4A18-BB16-079FE1BA8006}.Debug|Any CPU.Build.0 = Debug|Any CPU
		{A2C7A299-E77C-4A18-BB16-079FE1BA8006}.Release|Any CPU.ActiveCfg = Release|Any CPU
		{A2C7A299-E77C-4A18-BB16-079FE1BA8006}.Release|Any CPU.Build.0 = Release|Any CPU
		{A2C7A299-E77C-4A18-BB16-079FE1BA8006}.Debug|x86.ActiveCfg = Debug|Any CPU
		{A2C7A299-E77C-4A18-BB16-079FE1BA8006}.Debug|x86.Build.0 = Debug|Any CPU
		{A2C7A299-E77C-4A18-BB16-079FE1BA8006}.Release|x86.ActiveCfg = Release|Any CPU
		{A2C7A299-E77C-4A18-BB16-079FE1BA8006}.Release|x86.Build.0 = Release|Any CPU
		{FC5EA9B8-848A-4621-B5C1-5B96FE506876}.Debug|Any CPU.ActiveCfg = Debug|Any CPU
		{FC5EA9B8-848A-4621-B5C1-5B96FE506876}.Debug|Any CPU.Build.0 = Debug|Any CPU
		{FC5EA9B8-848A-4621-B5C1-5B96FE506876}.Release|Any CPU.ActiveCfg = Release|Any CPU
		{FC5EA9B8-848A-4621-B5C1-5B96FE506876}.Release|Any CPU.Build.0 = Release|Any CPU
		{FC5EA9B8-848A-4621-B5C1-5B96FE506876}.Debug|x86.ActiveCfg = Debug|Any CPU
		{FC5EA9B8-848A-4621-B5C1-5B96FE506876}.Debug|x86.Build.0 = Debug|Any CPU
		{FC5EA9B8-848A-4621-B5C1-5B96FE506876}.Release|x86.ActiveCfg = Release|Any CPU
		{FC5EA9B8-848A-4621-B5C1-5B96FE506876}.Release|x86.Build.0 = Release|Any CPU
		{53DBD698-C94C-433E-AE1A-2127ED9108BA}.Debug|Any CPU.ActiveCfg = Debug|Any CPU
		{53DBD698-C94C-433E-AE1A-2127ED9108BA}.Debug|Any CPU.Build.0 = Debug|Any CPU
		{53DBD698-C94C-433E-AE1A-2127ED9108BA}.Release|Any CPU.ActiveCfg = Release|Any CPU
		{53DBD698-C94C-433E-AE1A-2127ED9108BA}.Release|Any CPU.Build.0 = Release|Any CPU
		{53DBD698-C94C-433E-AE1A-2127ED9108BA}.Debug|x86.ActiveCfg = Debug|Any CPU
		{53DBD698-C94C-433E-AE1A-2127ED9108BA}.Debug|x86.Build.0 = Debug|Any CPU
		{53DBD698-C94C-433E-AE1A-2127ED9108BA}.Release|x86.ActiveCfg = Release|Any CPU
		{53DBD698-C94C-433E-AE1A-2127ED9108BA}.Release|x86.Build.0 = Release|Any CPU
		{B9120C5B-080E-43FC-B55F-2545504FC227}.Debug|Any CPU.ActiveCfg = Debug|x86
		{B9120C5B-080E-43FC-B55F-2545504FC227}.Debug|Any CPU.Build.0 = Debug|x86
		{B9120C5B-080E-43FC-B55F-2545504FC227}.Release|Any CPU.ActiveCfg = Release|x86
		{B9120C5B-080E-43FC-B55F-2545504FC227}.Release|Any CPU.Build.0 = Release|x86
		{B9120C5B-080E-43FC-B55F-2545504FC227}.Debug|x86.ActiveCfg = Debug|x86
		{B9120C5B-080E-43FC-B55F-2545504FC227}.Debug|x86.Build.0 = Debug|x86
		{B9120C5B-080E-43FC-B55F-2545504FC227}.Release|x86.ActiveCfg = Release|x86
		{B9120C5B-080E-43FC-B55F-2545504FC227}.Release|x86.Build.0 = Release|x86
		{363BF7F7-72C1-419D-BC1D-674F66972A18}.Debug|Any CPU.ActiveCfg = Debug|Any CPU
		{363BF7F7-72C1-419D-BC1D-674F66972A18}.Debug|Any CPU.Build.0 = Debug|Any CPU
		{363BF7F7-72C1-419D-BC1D-674F66972A18}.Release|Any CPU.ActiveCfg = Release|Any CPU
		{363BF7F7-72C1-419D-BC1D-674F66972A18}.Release|Any CPU.Build.0 = Release|Any CPU
		{363BF7F7-72C1-419D-BC1D-674F66972A18}.Debug|x86.ActiveCfg = Debug|Any CPU
		{363BF7F7-72C1-419D-BC1D-674F66972A18}.Debug|x86.Build.0 = Debug|Any CPU
		{363BF7F7-72C1-419D-BC1D-674F66972A18}.Release|x86.ActiveCfg = Release|Any CPU
		{363BF7F7-72C1-419D-BC1D-674F66972A18}.Release|x86.Build.0 = Release|Any CPU
	EndGlobalSection
EndGlobal
