
Microsoft Visual Studio Solution File, Format Version 12.00
# Visual Studio 15
Project("{FAE04EC0-301F-11D3-BF4B-00C04F79EFBC}") = "UDPChatServerForm", "UDPChatServerForm\UDPChatServerForm.csproj", "{9C2CDD66-2E4E-46DA-AAF6-A5599A5789CE}"
EndProject
Project("{FAE04EC0-301F-11D3-BF4B-00C04F79EFBC}") = "UDPAsynchronousChatServer", "UPDAsynchoronousChatServer\UDPAsynchronousChatServer.csproj", "{77F5EA54-4613-4FC0-ACDC-6CB300E2D397}"
EndProject
Project("{FAE04EC0-301F-11D3-BF4B-00C04F79EFBC}") = "UDPChatClientForm", "UDPChatClientForm\UDPChatClientForm.csproj", "{CEC5F2AA-0FAF-430D-B33F-7212B9EE7C28}"
EndProject
Global
	GlobalSection(SolutionConfigurationPlatforms) = preSolution
		Debug|Any CPU = Debug|Any CPU
		Release|Any CPU = Release|Any CPU
	EndGlobalSection
	GlobalSection(ProjectConfigurationPlatforms) = postSolution
		{9C2CDD66-2E4E-46DA-AAF6-A5599A5789CE}.Debug|Any CPU.ActiveCfg = Debug|Any CPU
		{9C2CDD66-2E4E-46DA-AAF6-A5599A5789CE}.Debug|Any CPU.Build.0 = Debug|Any CPU
		{9C2CDD66-2E4E-46DA-AAF6-A5599A5789CE}.Release|Any CPU.ActiveCfg = Release|Any CPU
		{9C2CDD66-2E4E-46DA-AAF6-A5599A5789CE}.Release|Any CPU.Build.0 = Release|Any CPU
		{77F5EA54-4613-4FC0-ACDC-6CB300E2D397}.Debug|Any CPU.ActiveCfg = Debug|Any CPU
		{77F5EA54-4613-4FC0-ACDC-6CB300E2D397}.Debug|Any CPU.Build.0 = Debug|Any CPU
		{77F5EA54-4613-4FC0-ACDC-6CB300E2D397}.Release|Any CPU.ActiveCfg = Release|Any CPU
		{77F5EA54-4613-4FC0-ACDC-6CB300E2D397}.Release|Any CPU.Build.0 = Release|Any CPU
		{CEC5F2AA-0FAF-430D-B33F-7212B9EE7C28}.Debug|Any CPU.ActiveCfg = Debug|Any CPU
		{CEC5F2AA-0FAF-430D-B33F-7212B9EE7C28}.Debug|Any CPU.Build.0 = Debug|Any CPU
		{CEC5F2AA-0FAF-430D-B33F-7212B9EE7C28}.Release|Any CPU.ActiveCfg = Release|Any CPU
		{CEC5F2AA-0FAF-430D-B33F-7212B9EE7C28}.Release|Any CPU.Build.0 = Release|Any CPU
	EndGlobalSection
EndGlobal
